
Microsoft Visual Studio Solution File, Format Version 12.00
Project("{FAE04EC0-301F-11D3-BF4B-00C04F79EFBC}") = "Mission10Assignment_Christensen", "Mission10Assignment_Christensen\Mission10Assignment_Christensen.csproj", "{98422CE3-ED65-4131-8720-2D8B80B78919}"
EndProject
Global
	GlobalSection(SolutionConfigurationPlatforms) = preSolution
		Debug|Any CPU = Debug|Any CPU
		Release|Any CPU = Release|Any CPU
	EndGlobalSection
	GlobalSection(ProjectConfigurationPlatforms) = postSolution
		{98422CE3-ED65-4131-8720-2D8B80B78919}.Debug|Any CPU.ActiveCfg = Debug|Any CPU
		{98422CE3-ED65-4131-8720-2D8B80B78919}.Debug|Any CPU.Build.0 = Debug|Any CPU
		{98422CE3-ED65-4131-8720-2D8B80B78919}.Release|Any CPU.ActiveCfg = Release|Any CPU
		{98422CE3-ED65-4131-8720-2D8B80B78919}.Release|Any CPU.Build.0 = Release|Any CPU
	EndGlobalSection
EndGlobal
